
Microsoft Visual Studio Solution File, Format Version 12.00
# Visual Studio Version 17
VisualStudioVersion = 17.13.35825.156 d17.13
MinimumVisualStudioVersion = 10.0.40219.1
Project("{FAE04EC0-301F-11D3-BF4B-00C04F79EFBC}") = "ProyectoWeb", "ProyectoWeb\ProyectoWeb.csproj", "{5779688D-B73A-4DF1-81FB-4789DBE7E73F}"
EndProject
Global
	GlobalSection(SolutionConfigurationPlatforms) = preSolution
		Debug|Any CPU = Debug|Any CPU
		Release|Any CPU = Release|Any CPU
	EndGlobalSection
	GlobalSection(ProjectConfigurationPlatforms) = postSolution
		{5779688D-B73A-4DF1-81FB-4789DBE7E73F}.Debug|Any CPU.ActiveCfg = Debug|Any CPU
		{5779688D-B73A-4DF1-81FB-4789DBE7E73F}.Debug|Any CPU.Build.0 = Debug|Any CPU
		{5779688D-B73A-4DF1-81FB-4789DBE7E73F}.Release|Any CPU.ActiveCfg = Release|Any CPU
		{5779688D-B73A-4DF1-81FB-4789DBE7E73F}.Release|Any CPU.Build.0 = Release|Any CPU
	EndGlobalSection
	GlobalSection(SolutionProperties) = preSolution
		HideSolutionNode = FALSE
	EndGlobalSection
	GlobalSection(ExtensibilityGlobals) = postSolution
		SolutionGuid = {FAEDB026-616A-47B4-9E7D-A5AB39381650}
	EndGlobalSection
EndGlobal
